# THIS IS AN AUTOGENERATED FILE. DO NOT EDIT THIS FILE DIRECTLY.
# yarn lockfile v1


ajv@^8.12.0:
  version "8.12.0"
  resolved "https://registry.yarnpkg.com/ajv/-/ajv-8.12.0.tgz#d1a0527323e22f53562c567c00991577dfbe19d1"
  integrity sha512-sRu1kpcO9yLtYxBKvqfTeh9KzZEwO3STyX1HT+4CaDzC6HpTGYhIhPIzj9XuKU7KYDwnaeh5hcOwjy1QuJzBPA==
  dependencies:
    fast-deep-equal "^3.1.1"
    json-schema-traverse "^1.0.0"
    require-from-string "^2.0.2"
    uri-js "^4.2.2"

cont@^1.0.3:
  version "1.0.3"
  resolved "https://registry.yarnpkg.com/cont/-/cont-1.0.3.tgz#6874f1e935fca99d048caeaaad9a0aeb020bcce0"
  integrity sha512-lZzUsnNnzBW4EN+Mll8J54cdHn6JzKyHpa9ftxxsPwkWfhdYRIHph9dFdmi0ibfqhnvR103tQ61eAF57FF87IA==
  dependencies:
    continuable "~1.2.0"
    continuable-para "~1.2.0"
    continuable-series "~1.2.0"

continuable-hash@~0.1.4:
  version "0.1.4"
  resolved "https://registry.yarnpkg.com/continuable-hash/-/continuable-hash-0.1.4.tgz#81c74d41771d8c92783e1e00e5f11b34d6dfc78c"
  integrity sha512-Gu5kdDzwmCymZ2tROViH0VYSd0iXDDaOjn8iG51FyZreS6OuqEJAE+a3sJ6/Ky6roKOHYHDYD8Ttxj+a1tyYrg==
  dependencies:
    continuable "~1.1.6"

continuable-list@~0.1.5:
  version "0.1.6"
  resolved "https://registry.yarnpkg.com/continuable-list/-/continuable-list-0.1.6.tgz#87cf06ec580716e10dff95fb0b84c5f0e8acac5f"
  integrity sha512-dqfYFtC/YRR4fUuZyJ8A+VKX/oV8E+atSCCcOvkuHsB6MFkiyI9LrDlUXCnHYowuuDu5vYqcAiRU2hiGXtcb7w==
  dependencies:
    continuable "~1.1.6"

continuable-para@~1.2.0:
  version "1.2.0"
  resolved "https://registry.yarnpkg.com/continuable-para/-/continuable-para-1.2.0.tgz#445510f649459dd0fc35c872015146122731c583"
  integrity sha512-XjPo974RGEJqnvFVT9PWxG97d/NCg58mwmWDbKXqTZBZuUnMIjkx0vde+xerkUuymk8DR+YUAcllK8J5/O4Leg==
  dependencies:
    continuable-hash "~0.1.4"
    continuable-list "~0.1.5"

continuable-series@~1.2.0:
  version "1.2.0"
  resolved "https://registry.yarnpkg.com/continuable-series/-/continuable-series-1.2.0.tgz#3243397ae93a71d655b3026834a51590b958b9e8"
  integrity sha512-xMAlREs3m/IM0VCzuh0TRBXpjd6tl6zi3cMgiwcywIPFcCmNlcFNA6XCtA2cEx6Kq7EE6c1JVDVl3WGepp6a5g==

continuable@~1.1.6:
  version "1.1.8"
  resolved "https://registry.yarnpkg.com/continuable/-/continuable-1.1.8.tgz#dc877b474160870ae3bcde87336268ebe50597d5"
  integrity sha512-DrVON8s+uwIH+OJa/HdbLE7ViLKpDeF0+flOhLf7hKtffIvyI2l38i7jq6G5i2GFqodpkz7RJPq60VkmwxfVnA==

continuable@~1.2.0:
  version "1.2.0"
  resolved "https://registry.yarnpkg.com/continuable/-/continuable-1.2.0.tgz#08277468d41136200074ccf87294308d169f25b6"
  integrity sha512-DMksZyrS34yEX+DTGyt9h8/6ONHRBH+PpQ5ev3YdCy5J41r0nMNv+psAujoeoT1mJf+fzKhzacR9o1M1ys2tBQ==

fast-deep-equal@^3.1.1:
  version "3.1.3"
  resolved "https://registry.yarnpkg.com/fast-deep-equal/-/fast-deep-equal-3.1.3.tgz#3a7d56b559d6cbc3eb512325244e619a65c6c525"
  integrity sha512-f3qQ9oQy9j2AhBe/H9VC91wLmKBCCU/gDOnKNAYG5hswO7BLKj09Hc5HYNz9cGI++xlpDCIgDaitVs03ATR84Q==

json-schema-traverse@^1.0.0:
  version "1.0.0"
  resolved "https://registry.yarnpkg.com/json-schema-traverse/-/json-schema-traverse-1.0.0.tgz#ae7bcb3656ab77a73ba5c49bf654f38e6b6860e2"
  integrity sha512-NM8/P9n3XjXhIZn1lLhkFaACTOURQXjWhV4BA/RnOv8xvgqtqpAX9IO4mRQxSx1Rlo4tqzeqb0sOlruaOy3dug==

punycode@^2.1.0:
  version "2.3.1"
  resolved "https://registry.yarnpkg.com/punycode/-/punycode-2.3.1.tgz#027422e2faec0b25e1549c3e1bd8309b9133b6e5"
  integrity sha512-vYt7UD1U9Wg6138shLtLOvdAu+8DsC/ilFtEVHcH+wydcSpNE20AfSOduf6MkRFahL5FY7X1oU7nKVZFtfq8Fg==

require-from-string@^2.0.2:
  version "2.0.2"
  resolved "https://registry.yarnpkg.com/require-from-string/-/require-from-string-2.0.2.tgz#89a7fdd938261267318eafe14f9c32e598c36909"
  integrity sha512-Xf0nWe6RseziFMu+Ap9biiUbmplq6S9/p+7w7YXP/JBHhrUDDUhwa+vANyubuqfZWTveU//DYVGsDG7RKL/vEw==

uri-js@^4.2.2:
  version "4.4.1"
  resolved "https://registry.yarnpkg.com/uri-js/-/uri-js-4.4.1.tgz#9b1a52595225859e55f669d928f88c6c57f2a77e"
  integrity sha512-7rKUyy33Q1yc98pQ1DAmLtwX109F7TIfWlW1Ydo8Wl1ii1SeHieeh0HHfPeL2fMXK6z0s8ecKs9frCuLJvndBg==
  dependencies:
    punycode "^2.1.0"
